
Microsoft Visual Studio Solution File, Format Version 12.00
# Visual Studio Version 17
VisualStudioVersion = 17.0.32014.148
MinimumVisualStudioVersion = 10.0.40219.1
Project("{FAE04EC0-301F-11D3-BF4B-00C04F79EFBC}") = "Natacha_Projet_802", "Natacha_Projet_802\Natacha_Projet_802.csproj", "{6CC4212E-CFD5-4966-865E-C6983D08BDD5}"
EndProject
Global
	GlobalSection(SolutionConfigurationPlatforms) = preSolution
		Debug|Any CPU = Debug|Any CPU
		Release|Any CPU = Release|Any CPU
	EndGlobalSection
	GlobalSection(ProjectConfigurationPlatforms) = postSolution
		{6CC4212E-CFD5-4966-865E-C6983D08BDD5}.Debug|Any CPU.ActiveCfg = Debug|Any CPU
		{6CC4212E-CFD5-4966-865E-C6983D08BDD5}.Debug|Any CPU.Build.0 = Debug|Any CPU
		{6CC4212E-CFD5-4966-865E-C6983D08BDD5}.Release|Any CPU.ActiveCfg = Release|Any CPU
		{6CC4212E-CFD5-4966-865E-C6983D08BDD5}.Release|Any CPU.Build.0 = Release|Any CPU
	EndGlobalSection
	GlobalSection(SolutionProperties) = preSolution
		HideSolutionNode = FALSE
	EndGlobalSection
	GlobalSection(ExtensibilityGlobals) = postSolution
		SolutionGuid = {40242B41-09D3-4829-ACB4-B937DF906251}
	EndGlobalSection
EndGlobal
